
Microsoft Visual Studio Solution File, Format Version 12.00
# Visual Studio Version 16
VisualStudioVersion = 16.0.32002.261
MinimumVisualStudioVersion = 10.0.40219.1
Project("{8BC9CEB8-8B4A-11D0-8D11-00A0C91BC942}") = "additional 3 - double list", "additional 3 - double list\additional 3 - double list.vcxproj", "{3A79A195-379B-42CC-B8D6-B9067C055432}"
EndProject
Global
	GlobalSection(SolutionConfigurationPlatforms) = preSolution
		Debug|x64 = Debug|x64
		Debug|x86 = Debug|x86
		Release|x64 = Release|x64
		Release|x86 = Release|x86
	EndGlobalSection
	GlobalSection(ProjectConfigurationPlatforms) = postSolution
		{3A79A195-379B-42CC-B8D6-B9067C055432}.Debug|x64.ActiveCfg = Debug|x64
		{3A79A195-379B-42CC-B8D6-B9067C055432}.Debug|x64.Build.0 = Debug|x64
		{3A79A195-379B-42CC-B8D6-B9067C055432}.Debug|x86.ActiveCfg = Debug|Win32
		{3A79A195-379B-42CC-B8D6-B9067C055432}.Debug|x86.Build.0 = Debug|Win32
		{3A79A195-379B-42CC-B8D6-B9067C055432}.Release|x64.ActiveCfg = Release|x64
		{3A79A195-379B-42CC-B8D6-B9067C055432}.Release|x64.Build.0 = Release|x64
		{3A79A195-379B-42CC-B8D6-B9067C055432}.Release|x86.ActiveCfg = Release|Win32
		{3A79A195-379B-42CC-B8D6-B9067C055432}.Release|x86.Build.0 = Release|Win32
	EndGlobalSection
	GlobalSection(SolutionProperties) = preSolution
		HideSolutionNode = FALSE
	EndGlobalSection
	GlobalSection(ExtensibilityGlobals) = postSolution
		SolutionGuid = {6E693714-BB98-42D3-88B3-9D2CFAB47C5B}
	EndGlobalSection
EndGlobal
