
Microsoft Visual Studio Solution File, Format Version 12.00
# Visual Studio Version 16
VisualStudioVersion = 16.0.32002.261
MinimumVisualStudioVersion = 10.0.40219.1
Project("{8BC9CEB8-8B4A-11D0-8D11-00A0C91BC942}") = "lab 3 - bisection", "lab 3 - bisection\lab 3 - bisection.vcxproj", "{353E4170-201D-46FC-92B5-FCD64E0464A9}"
EndProject
Global
	GlobalSection(SolutionConfigurationPlatforms) = preSolution
		Debug|x64 = Debug|x64
		Debug|x86 = Debug|x86
		Release|x64 = Release|x64
		Release|x86 = Release|x86
	EndGlobalSection
	GlobalSection(ProjectConfigurationPlatforms) = postSolution
		{353E4170-201D-46FC-92B5-FCD64E0464A9}.Debug|x64.ActiveCfg = Debug|x64
		{353E4170-201D-46FC-92B5-FCD64E0464A9}.Debug|x64.Build.0 = Debug|x64
		{353E4170-201D-46FC-92B5-FCD64E0464A9}.Debug|x86.ActiveCfg = Debug|Win32
		{353E4170-201D-46FC-92B5-FCD64E0464A9}.Debug|x86.Build.0 = Debug|Win32
		{353E4170-201D-46FC-92B5-FCD64E0464A9}.Release|x64.ActiveCfg = Release|x64
		{353E4170-201D-46FC-92B5-FCD64E0464A9}.Release|x64.Build.0 = Release|x64
		{353E4170-201D-46FC-92B5-FCD64E0464A9}.Release|x86.ActiveCfg = Release|Win32
		{353E4170-201D-46FC-92B5-FCD64E0464A9}.Release|x86.Build.0 = Release|Win32
	EndGlobalSection
	GlobalSection(SolutionProperties) = preSolution
		HideSolutionNode = FALSE
	EndGlobalSection
	GlobalSection(ExtensibilityGlobals) = postSolution
		SolutionGuid = {6F0E750F-A972-448C-BD44-163BD16B7FD1}
	EndGlobalSection
EndGlobal
